
Microsoft Visual Studio Solution File, Format Version 12.00
# Visual Studio Version 17
VisualStudioVersion = 17.0.32014.148
MinimumVisualStudioVersion = 10.0.40219.1
Project("{FAE04EC0-301F-11D3-BF4B-00C04F79EFBC}") = "Lab8", "Lab8.csproj", "{D4B769BF-2B7B-47CC-9BA5-38198AF3EF78}"
EndProject
Global
	GlobalSection(SolutionConfigurationPlatforms) = preSolution
		Debug|Any CPU = Debug|Any CPU
		Release|Any CPU = Release|Any CPU
	EndGlobalSection
	GlobalSection(ProjectConfigurationPlatforms) = postSolution
		{D4B769BF-2B7B-47CC-9BA5-38198AF3EF78}.Debug|Any CPU.ActiveCfg = Debug|Any CPU
		{D4B769BF-2B7B-47CC-9BA5-38198AF3EF78}.Debug|Any CPU.Build.0 = Debug|Any CPU
		{D4B769BF-2B7B-47CC-9BA5-38198AF3EF78}.Release|Any CPU.ActiveCfg = Release|Any CPU
		{D4B769BF-2B7B-47CC-9BA5-38198AF3EF78}.Release|Any CPU.Build.0 = Release|Any CPU
	EndGlobalSection
	GlobalSection(SolutionProperties) = preSolution
		HideSolutionNode = FALSE
	EndGlobalSection
	GlobalSection(ExtensibilityGlobals) = postSolution
		SolutionGuid = {364B6355-70D2-4A9F-82D0-2ADF517728F5}
	EndGlobalSection
EndGlobal
